
Microsoft Visual Studio Solution File, Format Version 12.00
# Visual Studio Version 17
VisualStudioVersion = 17.7.34031.279
MinimumVisualStudioVersion = 10.0.40219.1
Project("{FAE04EC0-301F-11D3-BF4B-00C04F79EFBC}") = "MyProject1", "MyProject1.csproj", "{89C7A952-E014-4322-B658-0EDC6A2E0CCC}"
EndProject
Global
	GlobalSection(SolutionConfigurationPlatforms) = preSolution
		Debug|Any CPU = Debug|Any CPU
		Release|Any CPU = Release|Any CPU
	EndGlobalSection
	GlobalSection(ProjectConfigurationPlatforms) = postSolution
		{89C7A952-E014-4322-B658-0EDC6A2E0CCC}.Debug|Any CPU.ActiveCfg = Debug|Any CPU
		{89C7A952-E014-4322-B658-0EDC6A2E0CCC}.Debug|Any CPU.Build.0 = Debug|Any CPU
		{89C7A952-E014-4322-B658-0EDC6A2E0CCC}.Release|Any CPU.ActiveCfg = Release|Any CPU
		{89C7A952-E014-4322-B658-0EDC6A2E0CCC}.Release|Any CPU.Build.0 = Release|Any CPU
	EndGlobalSection
	GlobalSection(SolutionProperties) = preSolution
		HideSolutionNode = FALSE
	EndGlobalSection
	GlobalSection(ExtensibilityGlobals) = postSolution
		SolutionGuid = {75DFA424-19D1-4926-B1C0-BEABB22BF8D5}
	EndGlobalSection
EndGlobal
